
Microsoft Visual Studio Solution File, Format Version 12.00
# Visual Studio 15
VisualStudioVersion = 15.0.27428.2015
MinimumVisualStudioVersion = 10.0.40219.1
Project("{DA7A21FA-8162-4350-AD77-A8D1B671F3ED}") = "European-Prediction", "European-Prediction\European-Prediction.rxproj", "{35775D2E-9A7E-40F7-8D95-58A0FE7240FD}"
EndProject
Global
	GlobalSection(SolutionConfigurationPlatforms) = preSolution
		Debug|Any CPU = Debug|Any CPU
		Release|Any CPU = Release|Any CPU
	EndGlobalSection
	GlobalSection(ProjectConfigurationPlatforms) = postSolution
		{35775D2E-9A7E-40F7-8D95-58A0FE7240FD}.Debug|Any CPU.ActiveCfg = Debug|Any CPU
		{35775D2E-9A7E-40F7-8D95-58A0FE7240FD}.Debug|Any CPU.Build.0 = Debug|Any CPU
		{35775D2E-9A7E-40F7-8D95-58A0FE7240FD}.Release|Any CPU.ActiveCfg = Release|Any CPU
		{35775D2E-9A7E-40F7-8D95-58A0FE7240FD}.Release|Any CPU.Build.0 = Release|Any CPU
	EndGlobalSection
	GlobalSection(SolutionProperties) = preSolution
		HideSolutionNode = FALSE
	EndGlobalSection
	GlobalSection(ExtensibilityGlobals) = postSolution
		SolutionGuid = {A240B773-FBE7-4CE6-829F-CED53770A699}
	EndGlobalSection
EndGlobal
